
Microsoft Visual Studio Solution File, Format Version 11.00
# Visual Studio 2010
VisualStudioVersion = 11.0.30501.0
MinimumVisualStudioVersion = 10.0.40219.1
Project("{FAE04EC0-301F-11D3-BF4B-00C04F79EFBC}") = "SDNUMobile.SDK_NET40", "SDNUMobile.SDK\SDNUMobile.SDK_NET40.csproj", "{BE69C02C-4BB3-42CA-A601-943700187FE9}"
EndProject
Global
	GlobalSection(SolutionConfigurationPlatforms) = preSolution
		Debug|Any CPU = Debug|Any CPU
		Release|Any CPU = Release|Any CPU
	EndGlobalSection
	GlobalSection(ProjectConfigurationPlatforms) = postSolution
		{BE69C02C-4BB3-42CA-A601-943700187FE9}.Debug|Any CPU.ActiveCfg = Debug|Any CPU
		{BE69C02C-4BB3-42CA-A601-943700187FE9}.Debug|Any CPU.Build.0 = Debug|Any CPU
		{BE69C02C-4BB3-42CA-A601-943700187FE9}.Release|Any CPU.ActiveCfg = Release|Any CPU
		{BE69C02C-4BB3-42CA-A601-943700187FE9}.Release|Any CPU.Build.0 = Release|Any CPU
	EndGlobalSection
	GlobalSection(SolutionProperties) = preSolution
		HideSolutionNode = FALSE
	EndGlobalSection
EndGlobal
