
Microsoft Visual Studio Solution File, Format Version 11.00
# Visual Studio 2010
VisualStudioVersion = 11.0.30501.0
MinimumVisualStudioVersion = 10.0.40219.1
Project("{FAE04EC0-301F-11D3-BF4B-00C04F79EFBC}") = "SDNUMobile.SDK_Portable40", "SDNUMobile.SDK\SDNUMobile.SDK_Portable40.csproj", "{52C7AC1A-AB40-449B-BE98-A4E3CD87C0A8}"
EndProject
Global
	GlobalSection(SolutionConfigurationPlatforms) = preSolution
		Debug|Any CPU = Debug|Any CPU
		Release|Any CPU = Release|Any CPU
	EndGlobalSection
	GlobalSection(ProjectConfigurationPlatforms) = postSolution
		{52C7AC1A-AB40-449B-BE98-A4E3CD87C0A8}.Debug|Any CPU.ActiveCfg = Debug|Any CPU
		{52C7AC1A-AB40-449B-BE98-A4E3CD87C0A8}.Debug|Any CPU.Build.0 = Debug|Any CPU
		{52C7AC1A-AB40-449B-BE98-A4E3CD87C0A8}.Release|Any CPU.ActiveCfg = Release|Any CPU
		{52C7AC1A-AB40-449B-BE98-A4E3CD87C0A8}.Release|Any CPU.Build.0 = Release|Any CPU
	EndGlobalSection
	GlobalSection(SolutionProperties) = preSolution
		HideSolutionNode = FALSE
	EndGlobalSection
EndGlobal
